{
  "name": "intellivisa-redapp-web-module-src",
  "version": "1.0.0",
  "lockfileVersion": 3,
  "requires": true,
  "packages": {
    "": {
      "name": "intellivisa-redapp-web-module-src",
      "version": "1.0.0",
      "license": "LicenseRef-LICENSE",
      "dependencies": {
        "sabre-ngv-app": "*",
        "sabre-ngv-core": "*",
        "sabre-ngv-custom-forms": "*",
        "sabre-ngv-redAppSidePanel": "*",
        "sabre-ngv-xp": "*"
      },
      "devDependencies": {}
    },
    "node_modules/sabre-ngv-app": {},
    "node_modules/sabre-ngv-core": {},
    "node_modules/sabre-ngv-custom-forms": {},
    "node_modules/sabre-ngv-redAppSidePanel": {},
    "node_modules/sabre-ngv-xp": {}
  }
}
